
Microsoft Visual Studio Solution File, Format Version 12.00
# Visual Studio 15
VisualStudioVersion = 15.0.27428.2011
MinimumVisualStudioVersion = 10.0.40219.1
Project("{FAE04EC0-301F-11D3-BF4B-00C04F79EFBC}") = "formularioClase", "formularioClase\formularioClase.csproj", "{903277B9-A13E-4B6B-B5EA-C12D0E599497}"
EndProject
Global
	GlobalSection(SolutionConfigurationPlatforms) = preSolution
		Debug|Any CPU = Debug|Any CPU
		Release|Any CPU = Release|Any CPU
	EndGlobalSection
	GlobalSection(ProjectConfigurationPlatforms) = postSolution
		{903277B9-A13E-4B6B-B5EA-C12D0E599497}.Debug|Any CPU.ActiveCfg = Debug|Any CPU
		{903277B9-A13E-4B6B-B5EA-C12D0E599497}.Debug|Any CPU.Build.0 = Debug|Any CPU
		{903277B9-A13E-4B6B-B5EA-C12D0E599497}.Release|Any CPU.ActiveCfg = Release|Any CPU
		{903277B9-A13E-4B6B-B5EA-C12D0E599497}.Release|Any CPU.Build.0 = Release|Any CPU
	EndGlobalSection
	GlobalSection(SolutionProperties) = preSolution
		HideSolutionNode = FALSE
	EndGlobalSection
	GlobalSection(ExtensibilityGlobals) = postSolution
		SolutionGuid = {C08957FB-C56F-4350-A5B6-1BAB19D8709A}
	EndGlobalSection
EndGlobal
